
Microsoft Visual Studio Solution File, Format Version 12.00
# Visual Studio Version 17
VisualStudioVersion = 17.14.36518.9 d17.14
MinimumVisualStudioVersion = 10.0.40219.1
Project("{FAE04EC0-301F-11D3-BF4B-00C04F79EFBC}") = "AnalizadorLexico", "AnalizadorLexico.csproj", "{ABFFE747-368E-43B2-A473-8DBDC2A6E0E4}"
EndProject
Global
	GlobalSection(SolutionConfigurationPlatforms) = preSolution
		Debug|Any CPU = Debug|Any CPU
		Release|Any CPU = Release|Any CPU
	EndGlobalSection
	GlobalSection(ProjectConfigurationPlatforms) = postSolution
		{ABFFE747-368E-43B2-A473-8DBDC2A6E0E4}.Debug|Any CPU.ActiveCfg = Debug|Any CPU
		{ABFFE747-368E-43B2-A473-8DBDC2A6E0E4}.Debug|Any CPU.Build.0 = Debug|Any CPU
		{ABFFE747-368E-43B2-A473-8DBDC2A6E0E4}.Release|Any CPU.ActiveCfg = Release|Any CPU
		{ABFFE747-368E-43B2-A473-8DBDC2A6E0E4}.Release|Any CPU.Build.0 = Release|Any CPU
	EndGlobalSection
	GlobalSection(SolutionProperties) = preSolution
		HideSolutionNode = FALSE
	EndGlobalSection
	GlobalSection(ExtensibilityGlobals) = postSolution
		SolutionGuid = {99D4847D-1F82-4FCE-A2FD-A91DB38C515E}
	EndGlobalSection
EndGlobal
